{
  "name": "loki-aspnetcore-example",
  "version": "1.0.0",
  "lockfileVersion": 1,
  "dependencies": {
    "loki-nodeservice": {
      "version": "1.0.0",
      "resolved": "https://registry.npmjs.org/loki-nodeservice/-/loki-nodeservice-1.0.0.tgz",
      "integrity": "sha512-cniB3pI/y0CRdpy1PepfVrdfIPudelQTtRPKQkfCWJvmXQvSdlJ96Gz/K7nBPD6aAfoIyho2y615+tvFKwg6WA=="
    },
    "lokijs": {
      "version": "1.5.0",
      "resolved": "https://registry.npmjs.org/lokijs/-/lokijs-1.5.0.tgz",
      "integrity": "sha1-meQD1qieR+Ee0MXUmftVoGA9Xvw="
    }
  }
}
